<?xml version="1.0" encoding="utf-8"?>
<Project ToolsVersion="4.0" xmlns="http://schemas.microsoft.com/developer/msbuild/2003">
  <ItemGroup>
    <Filter Include="Source Files">
      <UniqueIdentifier>{4FC737F1-C7A5-4376-A066-2A32D752A2FF}</UniqueIdentifier>
      <Extensions>cpp;c;cc;cxx;def;odl;idl;hpj;bat;asm;asmx</Extensions>
    </Filter>
    <Filter Include="Header Files">
      <UniqueIdentifier>{93995380-89BD-4b04-88EB-625FBE52EBFB}</UniqueIdentifier>
      <Extensions>h;hh;hpp;hxx;hm;inl;inc;xsd</Extensions>
    </Filter>
    <Filter Include="Resource Files">
      <UniqueIdentifier>{67DA6AB6-F800-4c08-8B7A-83BB121AAD01}</UniqueIdentifier>
      <Extensions>rc;ico;cur;bmp;dlg;rc2;rct;bin;rgs;gif;jpg;jpeg;jpe;resx;tiff;tif;png;wav;mfcribbon-ms</Extensions>
    </Filter>
    <Filter Include="_inc">
      <UniqueIdentifier>{9d157cd2-d7b9-4ff3-acea-27ea19d2041b}</UniqueIdentifier>
    </Filter>
    <Filter Include="db">
      <UniqueIdentifier>{3a53f408-b7d1-4038-82de-ae4f75d4071f}</UniqueIdentifier>
    </Filter>
    <Filter Include="config">
      <UniqueIdentifier>{feaab3b9-fbc1-413b-9161-f590f4bf5c81}</UniqueIdentifier>
    </Filter>
    <Filter Include="file">
      <UniqueIdentifier>{634867e5-8a3b-4742-a392-64f27a47ef89}</UniqueIdentifier>
    </Filter>
  </ItemGroup>
  <ItemGroup>
    <Text Include="ReadMe.txt" />
  </ItemGroup>
  <ItemGroup>
    <ClInclude Include="XTransmisConfig.h">
      <Filter>Header Files</Filter>
    </ClInclude>
    <ClInclude Include="XTransmisConfigDlg.h">
      <Filter>Header Files</Filter>
    </ClInclude>
    <ClInclude Include="stdafx.h">
      <Filter>Header Files</Filter>
    </ClInclude>
    <ClInclude Include="targetver.h">
      <Filter>Header Files</Filter>
    </ClInclude>
    <ClInclude Include="Resource.h">
      <Filter>Header Files</Filter>
    </ClInclude>
    <ClInclude Include="MyListBox.h">
      <Filter>_inc</Filter>
    </ClInclude>
    <ClInclude Include="WinXPButtonST.h">
      <Filter>_inc</Filter>
    </ClInclude>
    <ClInclude Include="BtnST.h">
      <Filter>_inc</Filter>
    </ClInclude>
    <ClInclude Include="CeXDib.h">
      <Filter>_inc</Filter>
    </ClInclude>
    <ClInclude Include="DBForConfig.h">
      <Filter>db</Filter>
    </ClInclude>
    <ClInclude Include="ConfigEdit.h">
      <Filter>config</Filter>
    </ClInclude>
    <ClInclude Include="ConfigFile.h">
      <Filter>file</Filter>
    </ClInclude>
  </ItemGroup>
  <ItemGroup>
    <ClCompile Include="XTransmisConfig.cpp">
      <Filter>Source Files</Filter>
    </ClCompile>
    <ClCompile Include="XTransmisConfigDlg.cpp">
      <Filter>Source Files</Filter>
    </ClCompile>
    <ClCompile Include="stdafx.cpp">
      <Filter>Source Files</Filter>
    </ClCompile>
    <ClCompile Include="MyListBox.cpp">
      <Filter>_inc</Filter>
    </ClCompile>
    <ClCompile Include="WinXPButtonST.cpp">
      <Filter>_inc</Filter>
    </ClCompile>
    <ClCompile Include="BtnST.cpp">
      <Filter>_inc</Filter>
    </ClCompile>
    <ClCompile Include="CeXDib.cpp">
      <Filter>_inc</Filter>
    </ClCompile>
    <ClCompile Include="DBForConfig.cpp">
      <Filter>db</Filter>
    </ClCompile>
    <ClCompile Include="ConfigEdit.cpp">
      <Filter>config</Filter>
    </ClCompile>
    <ClCompile Include="ConfigFile.cpp">
      <Filter>file</Filter>
    </ClCompile>
  </ItemGroup>
  <ItemGroup>
    <ResourceCompile Include="XTransmisConfig.rc">
      <Filter>Resource Files</Filter>
    </ResourceCompile>
  </ItemGroup>
  <ItemGroup>
    <None Include="res\XTransmisConfig.rc2">
      <Filter>Resource Files</Filter>
    </None>
  </ItemGroup>
  <ItemGroup>
    <Image Include="res\XTransmisConfig.ico">
      <Filter>Resource Files</Filter>
    </Image>
  </ItemGroup>
</Project>